// !$*UTF8*$!
{
	archiveVersion = 1;
	classes = {
	};
	objectVersion = 50;
	objects = {

/* Begin PBXBuildFile section */
		930BCCC720786FC300424182 /* Priority.swift in Sources */ = {isa = PBXBuildFile; fileRef = 930BCCC620786FC300424182 /* Priority.swift */; };
		930BCCC920786FCD00424182 /* Project.swift in Sources */ = {isa = PBXBuildFile; fileRef = 930BCCC820786FCD00424182 /* Project.swift */; };
		930BCCCB20786FD800424182 /* Task.swift in Sources */ = {isa = PBXBuildFile; fileRef = 930BCCCA20786FD800424182 /* Task.swift */; };
		930BCCCD20786FEA00424182 /* Gratitude.swift in Sources */ = {isa = PBXBuildFile; fileRef = 930BCCCC20786FEA00424182 /* Gratitude.swift */; };
		930BCCCF207873C700424182 /* ProjectViewController.swift in Sources */ = {isa = PBXBuildFile; fileRef = 930BCCCE207873C700424182 /* ProjectViewController.swift */; };
		930BCCD120792E0900424182 /* TaskViewController.swift in Sources */ = {isa = PBXBuildFile; fileRef = 930BCCD020792E0900424182 /* TaskViewController.swift */; };
		930BCCD32079A62600424182 /* SwipeTableViewController.swift in Sources */ = {isa = PBXBuildFile; fileRef = 930BCCD22079A62600424182 /* SwipeTableViewController.swift */; };
		930BCCD92079BC5000424182 /* Assets.xcassets in Resources */ = {isa = PBXBuildFile; fileRef = 930BCCD52079BC4F00424182 /* Assets.xcassets */; };
		930BCCDD2079BC6400424182 /* edit-icon.png in Resources */ = {isa = PBXBuildFile; fileRef = 930BCCDC2079BC6400424182 /* edit-icon.png */; };
		93157D2D20A630C8004008D8 /* Profile.swift in Sources */ = {isa = PBXBuildFile; fileRef = 93157D2C20A630C8004008D8 /* Profile.swift */; };
		9327E8362099078300D6DB28 /* GratitudesViewController.swift in Sources */ = {isa = PBXBuildFile; fileRef = 9327E8352099078300D6DB28 /* GratitudesViewController.swift */; };
		9327E83A209A19C400D6DB28 /* ModalViewController.swift in Sources */ = {isa = PBXBuildFile; fileRef = 9327E839209A19C400D6DB28 /* ModalViewController.swift */; };
		9333027D20A6037600D7DAEA /* tasks@2x.png in Resources */ = {isa = PBXBuildFile; fileRef = 9333027820A6037500D7DAEA /* tasks@2x.png */; };
		9333027E20A6037600D7DAEA /* priorities@2x.png in Resources */ = {isa = PBXBuildFile; fileRef = 9333027920A6037600D7DAEA /* priorities@2x.png */; };
		9333027F20A6037600D7DAEA /* relationships@2x.png in Resources */ = {isa = PBXBuildFile; fileRef = 9333027A20A6037600D7DAEA /* relationships@2x.png */; };
		9333028020A6037600D7DAEA /* projects@2x.png in Resources */ = {isa = PBXBuildFile; fileRef = 9333027B20A6037600D7DAEA /* projects@2x.png */; };
		9333028120A6037600D7DAEA /* gratitudes@2x.png in Resources */ = {isa = PBXBuildFile; fileRef = 9333027C20A6037600D7DAEA /* gratitudes@2x.png */; };
		933A8783207848CB001C5DFB /* AppDelegate.swift in Sources */ = {isa = PBXBuildFile; fileRef = 933A8782207848CB001C5DFB /* AppDelegate.swift */; };
		933A8785207848CB001C5DFB /* PrioritiesViewController.swift in Sources */ = {isa = PBXBuildFile; fileRef = 933A8784207848CB001C5DFB /* PrioritiesViewController.swift */; };
		933A8788207848CB001C5DFB /* Main.storyboard in Resources */ = {isa = PBXBuildFile; fileRef = 933A8786207848CB001C5DFB /* Main.storyboard */; };
		933A878D207848CC001C5DFB /* LaunchScreen.storyboard in Resources */ = {isa = PBXBuildFile; fileRef = 933A878B207848CC001C5DFB /* LaunchScreen.storyboard */; };
		934F6AF420C79C0900D18AF3 /* ProjectModalViewController.swift in Sources */ = {isa = PBXBuildFile; fileRef = 934F6AF320C79C0900D18AF3 /* ProjectModalViewController.swift */; };
		937A1C2F20C18C9F001B9006 /* TaskModalViewController.swift in Sources */ = {isa = PBXBuildFile; fileRef = 937A1C2E20C18C9F001B9006 /* TaskModalViewController.swift */; };
		93B5670220A53EB800207697 /* DashboardViewController.swift in Sources */ = {isa = PBXBuildFile; fileRef = 93B5670120A53EB800207697 /* DashboardViewController.swift */; };
		F3BA9CFBAD72B4D98F86F399 /* Pods_Posifocus.framework in Frameworks */ = {isa = PBXBuildFile; fileRef = A34F268D02CBA9A5124F21B2 /* Pods_Posifocus.framework */; };
/* End PBXBuildFile section */

/* Begin PBXFileReference section */
		4F905C57862D01D80BBCAFE5 /* Pods-Posifocus.debug.xcconfig */ = {isa = PBXFileReference; includeInIndex = 1; lastKnownFileType = text.xcconfig; name = "Pods-Posifocus.debug.xcconfig"; path = "Pods/Target Support Files/Pods-Posifocus/Pods-Posifocus.debug.xcconfig"; sourceTree = "<group>"; };
		930BCCC620786FC300424182 /* Priority.swift */ = {isa = PBXFileReference; lastKnownFileType = sourcecode.swift; path = Priority.swift; sourceTree = "<group>"; };
		930BCCC820786FCD00424182 /* Project.swift */ = {isa = PBXFileReference; lastKnownFileType = sourcecode.swift; path = Project.swift; sourceTree = "<group>"; };
		930BCCCA20786FD800424182 /* Task.swift */ = {isa = PBXFileReference; lastKnownFileType = sourcecode.swift; path = Task.swift; sourceTree = "<group>"; };
		930BCCCC20786FEA00424182 /* Gratitude.swift */ = {isa = PBXFileReference; lastKnownFileType = sourcecode.swift; path = Gratitude.swift; sourceTree = "<group>"; };
		930BCCCE207873C700424182 /* ProjectViewController.swift */ = {isa = PBXFileReference; lastKnownFileType = sourcecode.swift; path = ProjectViewController.swift; sourceTree = "<group>"; };
		930BCCD020792E0900424182 /* TaskViewController.swift */ = {isa = PBXFileReference; lastKnownFileType = sourcecode.swift; path = TaskViewController.swift; sourceTree = "<group>"; };
		930BCCD22079A62600424182 /* SwipeTableViewController.swift */ = {isa = PBXFileReference; lastKnownFileType = sourcecode.swift; path = SwipeTableViewController.swift; sourceTree = "<group>"; };
		930BCCD52079BC4F00424182 /* Assets.xcassets */ = {isa = PBXFileReference; lastKnownFileType = folder.assetcatalog; path = Assets.xcassets; sourceTree = "<group>"; };
		930BCCDC2079BC6400424182 /* edit-icon.png */ = {isa = PBXFileReference; lastKnownFileType = image.png; path = "edit-icon.png"; sourceTree = "<group>"; };
		930BCCDE2079BC7F00424182 /* delete-icon.png */ = {isa = PBXFileReference; lastKnownFileType = image.png; path = "delete-icon.png"; sourceTree = "<group>"; };
		930BCCDF2079BC9400424182 /* complete-icon.png */ = {isa = PBXFileReference; lastKnownFileType = image.png; path = "complete-icon.png"; sourceTree = "<group>"; };
		93157D2C20A630C8004008D8 /* Profile.swift */ = {isa = PBXFileReference; lastKnownFileType = sourcecode.swift; path = Profile.swift; sourceTree = "<group>"; };
		9327E8352099078300D6DB28 /* GratitudesViewController.swift */ = {isa = PBXFileReference; lastKnownFileType = sourcecode.swift; path = GratitudesViewController.swift; sourceTree = "<group>"; };
		9327E839209A19C400D6DB28 /* ModalViewController.swift */ = {isa = PBXFileReference; lastKnownFileType = sourcecode.swift; path = ModalViewController.swift; sourceTree = "<group>"; };
		9333027820A6037500D7DAEA /* tasks@2x.png */ = {isa = PBXFileReference; lastKnownFileType = image.png; path = "tasks@2x.png"; sourceTree = "<group>"; };
		9333027920A6037600D7DAEA /* priorities@2x.png */ = {isa = PBXFileReference; lastKnownFileType = image.png; path = "priorities@2x.png"; sourceTree = "<group>"; };
		9333027A20A6037600D7DAEA /* relationships@2x.png */ = {isa = PBXFileReference; lastKnownFileType = image.png; path = "relationships@2x.png"; sourceTree = "<group>"; };
		9333027B20A6037600D7DAEA /* projects@2x.png */ = {isa = PBXFileReference; lastKnownFileType = image.png; path = "projects@2x.png"; sourceTree = "<group>"; };
		9333027C20A6037600D7DAEA /* gratitudes@2x.png */ = {isa = PBXFileReference; lastKnownFileType = image.png; path = "gratitudes@2x.png"; sourceTree = "<group>"; };
		933A877F207848CB001C5DFB /* Posifocus.app */ = {isa = PBXFileReference; explicitFileType = wrapper.application; includeInIndex = 0; path = Posifocus.app; sourceTree = BUILT_PRODUCTS_DIR; };
		933A8782207848CB001C5DFB /* AppDelegate.swift */ = {isa = PBXFileReference; lastKnownFileType = sourcecode.swift; path = AppDelegate.swift; sourceTree = "<group>"; };
		933A8784207848CB001C5DFB /* PrioritiesViewController.swift */ = {isa = PBXFileReference; lastKnownFileType = sourcecode.swift; path = PrioritiesViewController.swift; sourceTree = "<group>"; };
		933A8787207848CB001C5DFB /* Base */ = {isa = PBXFileReference; lastKnownFileType = file.storyboard; name = Base; path = Base.lproj/Main.storyboard; sourceTree = "<group>"; };
		933A878C207848CC001C5DFB /* Base */ = {isa = PBXFileReference; lastKnownFileType = file.storyboard; name = Base; path = Base.lproj/LaunchScreen.storyboard; sourceTree = "<group>"; };
		933A878E207848CC001C5DFB /* Info.plist */ = {isa = PBXFileReference; lastKnownFileType = text.plist.xml; path = Info.plist; sourceTree = "<group>"; };
		934F6AF320C79C0900D18AF3 /* ProjectModalViewController.swift */ = {isa = PBXFileReference; lastKnownFileType = sourcecode.swift; path = ProjectModalViewController.swift; sourceTree = "<group>"; };
		937A1C2E20C18C9F001B9006 /* TaskModalViewController.swift */ = {isa = PBXFileReference; lastKnownFileType = sourcecode.swift; name = TaskModalViewController.swift; path = Posifocus/Controllers/TaskModalViewController.swift; sourceTree = SOURCE_ROOT; };
		93B5670120A53EB800207697 /* DashboardViewController.swift */ = {isa = PBXFileReference; lastKnownFileType = sourcecode.swift; name = DashboardViewController.swift; path = Posifocus/Controllers/DashboardViewController.swift; sourceTree = SOURCE_ROOT; };
		A34F268D02CBA9A5124F21B2 /* Pods_Posifocus.framework */ = {isa = PBXFileReference; explicitFileType = wrapper.framework; includeInIndex = 0; path = Pods_Posifocus.framework; sourceTree = BUILT_PRODUCTS_DIR; };
		A6460EAEC1F9761927555512 /* Pods-Posifocus.release.xcconfig */ = {isa = PBXFileReference; includeInIndex = 1; lastKnownFileType = text.xcconfig; name = "Pods-Posifocus.release.xcconfig"; path = "Pods/Target Support Files/Pods-Posifocus/Pods-Posifocus.release.xcconfig"; sourceTree = "<group>"; };
/* End PBXFileReference section */

/* Begin PBXFrameworksBuildPhase section */
		933A877C207848CB001C5DFB /* Frameworks */ = {
			isa = PBXFrameworksBuildPhase;
			buildActionMask = 2147483647;
			files = (
				F3BA9CFBAD72B4D98F86F399 /* Pods_Posifocus.framework in Frameworks */,
			);
			runOnlyForDeploymentPostprocessing = 0;
		};
/* End PBXFrameworksBuildPhase section */

/* Begin PBXGroup section */
		077AA1C5DBDB603975B857F1 /* Frameworks */ = {
			isa = PBXGroup;
			children = (
				A34F268D02CBA9A5124F21B2 /* Pods_Posifocus.framework */,
			);
			name = Frameworks;
			sourceTree = "<group>";
		};
		2AD4BDA5311F2B5D335FCFB3 /* Pods */ = {
			isa = PBXGroup;
			children = (
				4F905C57862D01D80BBCAFE5 /* Pods-Posifocus.debug.xcconfig */,
				A6460EAEC1F9761927555512 /* Pods-Posifocus.release.xcconfig */,
			);
			name = Pods;
			sourceTree = "<group>";
		};
		930BCCBE20786C4A00424182 /* Models */ = {
			isa = PBXGroup;
			children = (
				93157D2C20A630C8004008D8 /* Profile.swift */,
				930BCCCC20786FEA00424182 /* Gratitude.swift */,
				930BCCC620786FC300424182 /* Priority.swift */,
				930BCCC820786FCD00424182 /* Project.swift */,
				930BCCCA20786FD800424182 /* Task.swift */,
			);
			path = Models;
			sourceTree = "<group>";
		};
		930BCCBF20786C5800424182 /* Views */ = {
			isa = PBXGroup;
			children = (
				933A878B207848CC001C5DFB /* LaunchScreen.storyboard */,
				933A8786207848CB001C5DFB /* Main.storyboard */,
			);
			path = Views;
			sourceTree = "<group>";
		};
		930BCCC020786C5E00424182 /* Controllers */ = {
			isa = PBXGroup;
			children = (
				93B5670120A53EB800207697 /* DashboardViewController.swift */,
				930BCCD22079A62600424182 /* SwipeTableViewController.swift */,
				933A8784207848CB001C5DFB /* PrioritiesViewController.swift */,
				930BCCCE207873C700424182 /* ProjectViewController.swift */,
				934F6AF320C79C0900D18AF3 /* ProjectModalViewController.swift */,
				930BCCD020792E0900424182 /* TaskViewController.swift */,
				937A1C2E20C18C9F001B9006 /* TaskModalViewController.swift */,
				9327E8352099078300D6DB28 /* GratitudesViewController.swift */,
				9327E839209A19C400D6DB28 /* ModalViewController.swift */,
			);
			path = Controllers;
			sourceTree = "<group>";
		};
		930BCCC120786C9400424182 /* Supporting Files */ = {
			isa = PBXGroup;
			children = (
				9333027C20A6037600D7DAEA /* gratitudes@2x.png */,
				9333027920A6037600D7DAEA /* priorities@2x.png */,
				9333027B20A6037600D7DAEA /* projects@2x.png */,
				9333027A20A6037600D7DAEA /* relationships@2x.png */,
				9333027820A6037500D7DAEA /* tasks@2x.png */,
				930BCCD52079BC4F00424182 /* Assets.xcassets */,
				930BCCDF2079BC9400424182 /* complete-icon.png */,
				930BCCDE2079BC7F00424182 /* delete-icon.png */,
				930BCCDC2079BC6400424182 /* edit-icon.png */,
			);
			path = "Supporting Files";
			sourceTree = "<group>";
		};
		933A8776207848CB001C5DFB = {
			isa = PBXGroup;
			children = (
				933A8781207848CB001C5DFB /* Posifocus */,
				933A8780207848CB001C5DFB /* Products */,
				2AD4BDA5311F2B5D335FCFB3 /* Pods */,
				077AA1C5DBDB603975B857F1 /* Frameworks */,
			);
			sourceTree = "<group>";
		};
		933A8780207848CB001C5DFB /* Products */ = {
			isa = PBXGroup;
			children = (
				933A877F207848CB001C5DFB /* Posifocus.app */,
			);
			name = Products;
			sourceTree = "<group>";
		};
		933A8781207848CB001C5DFB /* Posifocus */ = {
			isa = PBXGroup;
			children = (
				933A8782207848CB001C5DFB /* AppDelegate.swift */,
				930BCCBE20786C4A00424182 /* Models */,
				930BCCBF20786C5800424182 /* Views */,
				930BCCC020786C5E00424182 /* Controllers */,
				930BCCC120786C9400424182 /* Supporting Files */,
				933A878E207848CC001C5DFB /* Info.plist */,
			);
			path = Posifocus;
			sourceTree = "<group>";
		};
/* End PBXGroup section */

/* Begin PBXNativeTarget section */
		933A877E207848CB001C5DFB /* Posifocus */ = {
			isa = PBXNativeTarget;
			buildConfigurationList = 933A8791207848CC001C5DFB /* Build configuration list for PBXNativeTarget "Posifocus" */;
			buildPhases = (
				3D849254ED917271B9015563 /* [CP] Check Pods Manifest.lock */,
				933A877B207848CB001C5DFB /* Sources */,
				933A877C207848CB001C5DFB /* Frameworks */,
				933A877D207848CB001C5DFB /* Resources */,
				7C7A0F0F9141B8DB9875DDBB /* [CP] Embed Pods Frameworks */,
				C3A60C58F0F873F97DBD65AE /* [CP] Copy Pods Resources */,
			);
			buildRules = (
			);
			dependencies = (
			);
			name = Posifocus;
			productName = Posifocus;
			productReference = 933A877F207848CB001C5DFB /* Posifocus.app */;
			productType = "com.apple.product-type.application";
		};
/* End PBXNativeTarget section */

/* Begin PBXProject section */
		933A8777207848CB001C5DFB /* Project object */ = {
			isa = PBXProject;
			attributes = {
				LastSwiftUpdateCheck = 0930;
				LastUpgradeCheck = 0930;
				ORGANIZATIONNAME = "Bravo-Delapaz";
				TargetAttributes = {
					933A877E207848CB001C5DFB = {
						CreatedOnToolsVersion = 9.3;
					};
				};
			};
			buildConfigurationList = 933A877A207848CB001C5DFB /* Build configuration list for PBXProject "Posifocus" */;
			compatibilityVersion = "Xcode 9.3";
			developmentRegion = en;
			hasScannedForEncodings = 0;
			knownRegions = (
				en,
				Base,
			);
			mainGroup = 933A8776207848CB001C5DFB;
			productRefGroup = 933A8780207848CB001C5DFB /* Products */;
			projectDirPath = "";
			projectRoot = "";
			targets = (
				933A877E207848CB001C5DFB /* Posifocus */,
			);
		};
/* End PBXProject section */

/* Begin PBXResourcesBuildPhase section */
		933A877D207848CB001C5DFB /* Resources */ = {
			isa = PBXResourcesBuildPhase;
			buildActionMask = 2147483647;
			files = (
				933A878D207848CC001C5DFB /* LaunchScreen.storyboard in Resources */,
				9333027D20A6037600D7DAEA /* tasks@2x.png in Resources */,
				930BCCDD2079BC6400424182 /* edit-icon.png in Resources */,
				930BCCD92079BC5000424182 /* Assets.xcassets in Resources */,
				9333027E20A6037600D7DAEA /* priorities@2x.png in Resources */,
				9333027F20A6037600D7DAEA /* relationships@2x.png in Resources */,
				9333028120A6037600D7DAEA /* gratitudes@2x.png in Resources */,
				9333028020A6037600D7DAEA /* projects@2x.png in Resources */,
				933A8788207848CB001C5DFB /* Main.storyboard in Resources */,
			);
			runOnlyForDeploymentPostprocessing = 0;
		};
/* End PBXResourcesBuildPhase section */

/* Begin PBXShellScriptBuildPhase section */
		3D849254ED917271B9015563 /* [CP] Check Pods Manifest.lock */ = {
			isa = PBXShellScriptBuildPhase;
			buildActionMask = 2147483647;
			files = (
			);
			inputPaths = (
				"${PODS_PODFILE_DIR_PATH}/Podfile.lock",
				"${PODS_ROOT}/Manifest.lock",
			);
			name = "[CP] Check Pods Manifest.lock";
			outputPaths = (
				"$(DERIVED_FILE_DIR)/Pods-Posifocus-checkManifestLockResult.txt",
			);
			runOnlyForDeploymentPostprocessing = 0;
			shellPath = /bin/sh;
			shellScript = "diff \"${PODS_PODFILE_DIR_PATH}/Podfile.lock\" \"${PODS_ROOT}/Manifest.lock\" > /dev/null\nif [ $? != 0 ] ; then\n    # print error to STDERR\n    echo \"error: The sandbox is not in sync with the Podfile.lock. Run 'pod install' or update your CocoaPods installation.\" >&2\n    exit 1\nfi\n# This output is used by Xcode 'outputs' to avoid re-running this script phase.\necho \"SUCCESS\" > \"${SCRIPT_OUTPUT_FILE_0}\"\n";
			showEnvVarsInLog = 0;
		};
		7C7A0F0F9141B8DB9875DDBB /* [CP] Embed Pods Frameworks */ = {
			isa = PBXShellScriptBuildPhase;
			buildActionMask = 2147483647;
			files = (
			);
			inputPaths = (
				"${SRCROOT}/Pods/Target Support Files/Pods-Posifocus/Pods-Posifocus-frameworks.sh",
				"${BUILT_PRODUCTS_DIR}/Realm/Realm.framework",
				"${BUILT_PRODUCTS_DIR}/RealmSwift/RealmSwift.framework",
				"${BUILT_PRODUCTS_DIR}/SwipeCellKit/SwipeCellKit.framework",
			);
			name = "[CP] Embed Pods Frameworks";
			outputPaths = (
				"${TARGET_BUILD_DIR}/${FRAMEWORKS_FOLDER_PATH}/Realm.framework",
				"${TARGET_BUILD_DIR}/${FRAMEWORKS_FOLDER_PATH}/RealmSwift.framework",
				"${TARGET_BUILD_DIR}/${FRAMEWORKS_FOLDER_PATH}/SwipeCellKit.framework",
			);
			runOnlyForDeploymentPostprocessing = 0;
			shellPath = /bin/sh;
			shellScript = "\"${SRCROOT}/Pods/Target Support Files/Pods-Posifocus/Pods-Posifocus-frameworks.sh\"\n";
			showEnvVarsInLog = 0;
		};
		C3A60C58F0F873F97DBD65AE /* [CP] Copy Pods Resources */ = {
			isa = PBXShellScriptBuildPhase;
			buildActionMask = 2147483647;
			files = (
			);
			inputPaths = (
			);
			name = "[CP] Copy Pods Resources";
			outputPaths = (
			);
			runOnlyForDeploymentPostprocessing = 0;
			shellPath = /bin/sh;
			shellScript = "\"${SRCROOT}/Pods/Target Support Files/Pods-Posifocus/Pods-Posifocus-resources.sh\"\n";
			showEnvVarsInLog = 0;
		};
/* End PBXShellScriptBuildPhase section */

/* Begin PBXSourcesBuildPhase section */
		933A877B207848CB001C5DFB /* Sources */ = {
			isa = PBXSourcesBuildPhase;
			buildActionMask = 2147483647;
			files = (
				930BCCCF207873C700424182 /* ProjectViewController.swift in Sources */,
				937A1C2F20C18C9F001B9006 /* TaskModalViewController.swift in Sources */,
				934F6AF420C79C0900D18AF3 /* ProjectModalViewController.swift in Sources */,
				930BCCCB20786FD800424182 /* Task.swift in Sources */,
				930BCCC720786FC300424182 /* Priority.swift in Sources */,
				93157D2D20A630C8004008D8 /* Profile.swift in Sources */,
				9327E83A209A19C400D6DB28 /* ModalViewController.swift in Sources */,
				933A8785207848CB001C5DFB /* PrioritiesViewController.swift in Sources */,
				930BCCD32079A62600424182 /* SwipeTableViewController.swift in Sources */,
				930BCCC920786FCD00424182 /* Project.swift in Sources */,
				93B5670220A53EB800207697 /* DashboardViewController.swift in Sources */,
				933A8783207848CB001C5DFB /* AppDelegate.swift in Sources */,
				9327E8362099078300D6DB28 /* GratitudesViewController.swift in Sources */,
				930BCCCD20786FEA00424182 /* Gratitude.swift in Sources */,
				930BCCD120792E0900424182 /* TaskViewController.swift in Sources */,
			);
			runOnlyForDeploymentPostprocessing = 0;
		};
/* End PBXSourcesBuildPhase section */

/* Begin PBXVariantGroup section */
		933A8786207848CB001C5DFB /* Main.storyboard */ = {
			isa = PBXVariantGroup;
			children = (
				933A8787207848CB001C5DFB /* Base */,
			);
			name = Main.storyboard;
			sourceTree = "<group>";
		};
		933A878B207848CC001C5DFB /* LaunchScreen.storyboard */ = {
			isa = PBXVariantGroup;
			children = (
				933A878C207848CC001C5DFB /* Base */,
			);
			name = LaunchScreen.storyboard;
			sourceTree = "<group>";
		};
/* End PBXVariantGroup section */

/* Begin XCBuildConfiguration section */
		933A878F207848CC001C5DFB /* Debug */ = {
			isa = XCBuildConfiguration;
			buildSettings = {
				ALWAYS_SEARCH_USER_PATHS = NO;
				CLANG_ANALYZER_NONNULL = YES;
				CLANG_ANALYZER_NUMBER_OBJECT_CONVERSION = YES_AGGRESSIVE;
				CLANG_CXX_LANGUAGE_STANDARD = "gnu++14";
				CLANG_CXX_LIBRARY = "libc++";
				CLANG_ENABLE_MODULES = YES;
				CLANG_ENABLE_OBJC_ARC = YES;
				CLANG_ENABLE_OBJC_WEAK = YES;
				CLANG_WARN_BLOCK_CAPTURE_AUTORELEASING = YES;
				CLANG_WARN_BOOL_CONVERSION = YES;
				CLANG_WARN_COMMA = YES;
				CLANG_WARN_CONSTANT_CONVERSION = YES;
				CLANG_WARN_DEPRECATED_OBJC_IMPLEMENTATIONS = YES;
				CLANG_WARN_DIRECT_OBJC_ISA_USAGE = YES_ERROR;
				CLANG_WARN_DOCUMENTATION_COMMENTS = YES;
				CLANG_WARN_EMPTY_BODY = YES;
				CLANG_WARN_ENUM_CONVERSION = YES;
				CLANG_WARN_INFINITE_RECURSION = YES;
				CLANG_WARN_INT_CONVERSION = YES;
				CLANG_WARN_NON_LITERAL_NULL_CONVERSION = YES;
				CLANG_WARN_OBJC_IMPLICIT_RETAIN_SELF = YES;
				CLANG_WARN_OBJC_LITERAL_CONVERSION = YES;
				CLANG_WARN_OBJC_ROOT_CLASS = YES_ERROR;
				CLANG_WARN_RANGE_LOOP_ANALYSIS = YES;
				CLANG_WARN_STRICT_PROTOTYPES = YES;
				CLANG_WARN_SUSPICIOUS_MOVE = YES;
				CLANG_WARN_UNGUARDED_AVAILABILITY = YES_AGGRESSIVE;
				CLANG_WARN_UNREACHABLE_CODE = YES;
				CLANG_WARN__DUPLICATE_METHOD_MATCH = YES;
				CODE_SIGN_IDENTITY = "iPhone Developer";
				COPY_PHASE_STRIP = NO;
				DEBUG_INFORMATION_FORMAT = dwarf;
				ENABLE_STRICT_OBJC_MSGSEND = YES;
				ENABLE_TESTABILITY = YES;
				GCC_C_LANGUAGE_STANDARD = gnu11;
				GCC_DYNAMIC_NO_PIC = NO;
				GCC_NO_COMMON_BLOCKS = YES;
				GCC_OPTIMIZATION_LEVEL = 0;
				GCC_PREPROCESSOR_DEFINITIONS = (
					"DEBUG=1",
					"$(inherited)",
				);
				GCC_WARN_64_TO_32_BIT_CONVERSION = YES;
				GCC_WARN_ABOUT_RETURN_TYPE = YES_ERROR;
				GCC_WARN_UNDECLARED_SELECTOR = YES;
				GCC_WARN_UNINITIALIZED_AUTOS = YES_AGGRESSIVE;
				GCC_WARN_UNUSED_FUNCTION = YES;
				GCC_WARN_UNUSED_VARIABLE = YES;
				IPHONEOS_DEPLOYMENT_TARGET = 11.3;
				MTL_ENABLE_DEBUG_INFO = YES;
				ONLY_ACTIVE_ARCH = YES;
				SDKROOT = iphoneos;
				SWIFT_ACTIVE_COMPILATION_CONDITIONS = DEBUG;
				SWIFT_OPTIMIZATION_LEVEL = "-Onone";
			};
			name = Debug;
		};
		933A8790207848CC001C5DFB /* Release */ = {
			isa = XCBuildConfiguration;
			buildSettings = {
				ALWAYS_SEARCH_USER_PATHS = NO;
				CLANG_ANALYZER_NONNULL = YES;
				CLANG_ANALYZER_NUMBER_OBJECT_CONVERSION = YES_AGGRESSIVE;
				CLANG_CXX_LANGUAGE_STANDARD = "gnu++14";
				CLANG_CXX_LIBRARY = "libc++";
				CLANG_ENABLE_MODULES = YES;
				CLANG_ENABLE_OBJC_ARC = YES;
				CLANG_ENABLE_OBJC_WEAK = YES;
				CLANG_WARN_BLOCK_CAPTURE_AUTORELEASING = YES;
				CLANG_WARN_BOOL_CONVERSION = YES;
				CLANG_WARN_COMMA = YES;
				CLANG_WARN_CONSTANT_CONVERSION = YES;
				CLANG_WARN_DEPRECATED_OBJC_IMPLEMENTATIONS = YES;
				CLANG_WARN_DIRECT_OBJC_ISA_USAGE = YES_ERROR;
				CLANG_WARN_DOCUMENTATION_COMMENTS = YES;
				CLANG_WARN_EMPTY_BODY = YES;
				CLANG_WARN_ENUM_CONVERSION = YES;
				CLANG_WARN_INFINITE_RECURSION = YES;
				CLANG_WARN_INT_CONVERSION = YES;
				CLANG_WARN_NON_LITERAL_NULL_CONVERSION = YES;
				CLANG_WARN_OBJC_IMPLICIT_RETAIN_SELF = YES;
				CLANG_WARN_OBJC_LITERAL_CONVERSION = YES;
				CLANG_WARN_OBJC_ROOT_CLASS = YES_ERROR;
				CLANG_WARN_RANGE_LOOP_ANALYSIS = YES;
				CLANG_WARN_STRICT_PROTOTYPES = YES;
				CLANG_WARN_SUSPICIOUS_MOVE = YES;
				CLANG_WARN_UNGUARDED_AVAILABILITY = YES_AGGRESSIVE;
				CLANG_WARN_UNREACHABLE_CODE = YES;
				CLANG_WARN__DUPLICATE_METHOD_MATCH = YES;
				CODE_SIGN_IDENTITY = "iPhone Developer";
				COPY_PHASE_STRIP = NO;
				DEBUG_INFORMATION_FORMAT = "dwarf-with-dsym";
				ENABLE_NS_ASSERTIONS = NO;
				ENABLE_STRICT_OBJC_MSGSEND = YES;
				GCC_C_LANGUAGE_STANDARD = gnu11;
				GCC_NO_COMMON_BLOCKS = YES;
				GCC_WARN_64_TO_32_BIT_CONVERSION = YES;
				GCC_WARN_ABOUT_RETURN_TYPE = YES_ERROR;
				GCC_WARN_UNDECLARED_SELECTOR = YES;
				GCC_WARN_UNINITIALIZED_AUTOS = YES_AGGRESSIVE;
				GCC_WARN_UNUSED_FUNCTION = YES;
				GCC_WARN_UNUSED_VARIABLE = YES;
				IPHONEOS_DEPLOYMENT_TARGET = 11.3;
				MTL_ENABLE_DEBUG_INFO = NO;
				SDKROOT = iphoneos;
				SWIFT_COMPILATION_MODE = wholemodule;
				SWIFT_OPTIMIZATION_LEVEL = "-O";
				VALIDATE_PRODUCT = YES;
			};
			name = Release;
		};
		933A8792207848CC001C5DFB /* Debug */ = {
			isa = XCBuildConfiguration;
			baseConfigurationReference = 4F905C57862D01D80BBCAFE5 /* Pods-Posifocus.debug.xcconfig */;
			buildSettings = {
				ASSETCATALOG_COMPILER_APPICON_NAME = AppIcon;
				CODE_SIGN_STYLE = Automatic;
				DEVELOPMENT_TEAM = AFC939CULK;
				INFOPLIST_FILE = Posifocus/Info.plist;
				LD_RUNPATH_SEARCH_PATHS = (
					"$(inherited)",
					"@executable_path/Frameworks",
				);
				PRODUCT_BUNDLE_IDENTIFIER = "com.bravo-delapaz.Posifocus";
				PRODUCT_NAME = "$(TARGET_NAME)";
				SWIFT_VERSION = 4.0;
				TARGETED_DEVICE_FAMILY = 1;
			};
			name = Debug;
		};
		933A8793207848CC001C5DFB /* Release */ = {
			isa = XCBuildConfiguration;
			baseConfigurationReference = A6460EAEC1F9761927555512 /* Pods-Posifocus.release.xcconfig */;
			buildSettings = {
				ASSETCATALOG_COMPILER_APPICON_NAME = AppIcon;
				CODE_SIGN_STYLE = Automatic;
				DEVELOPMENT_TEAM = AFC939CULK;
				INFOPLIST_FILE = Posifocus/Info.plist;
				LD_RUNPATH_SEARCH_PATHS = (
					"$(inherited)",
					"@executable_path/Frameworks",
				);
				PRODUCT_BUNDLE_IDENTIFIER = "com.bravo-delapaz.Posifocus";
				PRODUCT_NAME = "$(TARGET_NAME)";
				SWIFT_VERSION = 4.0;
				TARGETED_DEVICE_FAMILY = 1;
			};
			name = Release;
		};
/* End XCBuildConfiguration section */

/* Begin XCConfigurationList section */
		933A877A207848CB001C5DFB /* Build configuration list for PBXProject "Posifocus" */ = {
			isa = XCConfigurationList;
			buildConfigurations = (
				933A878F207848CC001C5DFB /* Debug */,
				933A8790207848CC001C5DFB /* Release */,
			);
			defaultConfigurationIsVisible = 0;
			defaultConfigurationName = Release;
		};
		933A8791207848CC001C5DFB /* Build configuration list for PBXNativeTarget "Posifocus" */ = {
			isa = XCConfigurationList;
			buildConfigurations = (
				933A8792207848CC001C5DFB /* Debug */,
				933A8793207848CC001C5DFB /* Release */,
			);
			defaultConfigurationIsVisible = 0;
			defaultConfigurationName = Release;
		};
/* End XCConfigurationList section */
	};
	rootObject = 933A8777207848CB001C5DFB /* Project object */;
}
